
Microsoft Visual Studio Solution File, Format Version 12.00
# Visual Studio Version 16
VisualStudioVersion = 16.0.29926.136
MinimumVisualStudioVersion = 10.0.40219.1
Project("{FAE04EC0-301F-11D3-BF4B-00C04F79EFBC}") = "SalesWebMVC", "SalesWebMVC\SalesWebMVC.csproj", "{BE10D75E-08F8-4BE2-85F4-6E7321C04FA9}"
EndProject
Global
	GlobalSection(SolutionConfigurationPlatforms) = preSolution
		Debug|Any CPU = Debug|Any CPU
		Release|Any CPU = Release|Any CPU
	EndGlobalSection
	GlobalSection(ProjectConfigurationPlatforms) = postSolution
		{BE10D75E-08F8-4BE2-85F4-6E7321C04FA9}.Debug|Any CPU.ActiveCfg = Debug|Any CPU
		{BE10D75E-08F8-4BE2-85F4-6E7321C04FA9}.Debug|Any CPU.Build.0 = Debug|Any CPU
		{BE10D75E-08F8-4BE2-85F4-6E7321C04FA9}.Release|Any CPU.ActiveCfg = Release|Any CPU
		{BE10D75E-08F8-4BE2-85F4-6E7321C04FA9}.Release|Any CPU.Build.0 = Release|Any CPU
	EndGlobalSection
	GlobalSection(SolutionProperties) = preSolution
		HideSolutionNode = FALSE
	EndGlobalSection
	GlobalSection(ExtensibilityGlobals) = postSolution
		SolutionGuid = {C2CFF980-E171-4464-8A03-670F0A4B23AB}
	EndGlobalSection
EndGlobal
